// !$*UTF8*$!
{
	archiveVersion = 1;
	classes = {
	};
	objectVersion = 50;
	objects = {

/* Begin PBXBuildFile section */
		1075F263267506650053A94E /* IGStoryTimer.swift in Sources */ = {isa = PBXBuildFile; fileRef = 1075F262267506650053A94E /* IGStoryTimer.swift */; };
		1098808326738778006D0F9D /* MainView.swift in Sources */ = {isa = PBXBuildFile; fileRef = 1098808226738778006D0F9D /* MainView.swift */; };
		1098808526738DDB006D0F9D /* ProfileImageView.swift in Sources */ = {isa = PBXBuildFile; fileRef = 1098808426738DDB006D0F9D /* ProfileImageView.swift */; };
		1098808826739D0A006D0F9D /* IGStoryViewModel.swift in Sources */ = {isa = PBXBuildFile; fileRef = 1098808726739D0A006D0F9D /* IGStoryViewModel.swift */; };
		1098808A26739D31006D0F9D /* LoadingBar.swift in Sources */ = {isa = PBXBuildFile; fileRef = 1098808926739D31006D0F9D /* LoadingBar.swift */; };
		109CC37326734D8E00B2A220 /* InstagramStoryApp.swift in Sources */ = {isa = PBXBuildFile; fileRef = 109CC37226734D8E00B2A220 /* InstagramStoryApp.swift */; };
		109CC37526734D8E00B2A220 /* IGStoryView.swift in Sources */ = {isa = PBXBuildFile; fileRef = 109CC37426734D8E00B2A220 /* IGStoryView.swift */; };
		109CC37726734D9100B2A220 /* Assets.xcassets in Resources */ = {isa = PBXBuildFile; fileRef = 109CC37626734D9100B2A220 /* Assets.xcassets */; };
		109CC37A26734D9100B2A220 /* Preview Assets.xcassets in Resources */ = {isa = PBXBuildFile; fileRef = 109CC37926734D9100B2A220 /* Preview Assets.xcassets */; };
		109CC38526734D9100B2A220 /* InstagramStoryTests.swift in Sources */ = {isa = PBXBuildFile; fileRef = 109CC38426734D9100B2A220 /* InstagramStoryTests.swift */; };
		109CC39026734D9100B2A220 /* InstagramStoryUITests.swift in Sources */ = {isa = PBXBuildFile; fileRef = 109CC38F26734D9100B2A220 /* InstagramStoryUITests.swift */; };
		B01756FD26765871001332EA /* UserStoryModel.swift in Sources */ = {isa = PBXBuildFile; fileRef = B01756FC26765871001332EA /* UserStoryModel.swift */; };
		B01756FF26765B15001332EA /* LoadingBarView.swift in Sources */ = {isa = PBXBuildFile; fileRef = B01756FE26765B15001332EA /* LoadingBarView.swift */; };
/* End PBXBuildFile section */

/* Begin PBXContainerItemProxy section */
		109CC38126734D9100B2A220 /* PBXContainerItemProxy */ = {
			isa = PBXContainerItemProxy;
			containerPortal = 109CC36726734D8E00B2A220 /* Project object */;
			proxyType = 1;
			remoteGlobalIDString = 109CC36E26734D8E00B2A220;
			remoteInfo = InstagramStory;
		};
		109CC38C26734D9100B2A220 /* PBXContainerItemProxy */ = {
			isa = PBXContainerItemProxy;
			containerPortal = 109CC36726734D8E00B2A220 /* Project object */;
			proxyType = 1;
			remoteGlobalIDString = 109CC36E26734D8E00B2A220;
			remoteInfo = InstagramStory;
		};
/* End PBXContainerItemProxy section */

/* Begin PBXFileReference section */
		1075F262267506650053A94E /* IGStoryTimer.swift */ = {isa = PBXFileReference; lastKnownFileType = sourcecode.swift; path = IGStoryTimer.swift; sourceTree = "<group>"; };
		1098808226738778006D0F9D /* MainView.swift */ = {isa = PBXFileReference; lastKnownFileType = sourcecode.swift; path = MainView.swift; sourceTree = "<group>"; };
		1098808426738DDB006D0F9D /* ProfileImageView.swift */ = {isa = PBXFileReference; lastKnownFileType = sourcecode.swift; path = ProfileImageView.swift; sourceTree = "<group>"; };
		1098808726739D0A006D0F9D /* IGStoryViewModel.swift */ = {isa = PBXFileReference; lastKnownFileType = sourcecode.swift; path = IGStoryViewModel.swift; sourceTree = "<group>"; };
		1098808926739D31006D0F9D /* LoadingBar.swift */ = {isa = PBXFileReference; lastKnownFileType = sourcecode.swift; path = LoadingBar.swift; sourceTree = "<group>"; };
		109CC36F26734D8E00B2A220 /* InstagramStory.app */ = {isa = PBXFileReference; explicitFileType = wrapper.application; includeInIndex = 0; path = InstagramStory.app; sourceTree = BUILT_PRODUCTS_DIR; };
		109CC37226734D8E00B2A220 /* InstagramStoryApp.swift */ = {isa = PBXFileReference; lastKnownFileType = sourcecode.swift; path = InstagramStoryApp.swift; sourceTree = "<group>"; };
		109CC37426734D8E00B2A220 /* IGStoryView.swift */ = {isa = PBXFileReference; lastKnownFileType = sourcecode.swift; path = IGStoryView.swift; sourceTree = "<group>"; };
		109CC37626734D9100B2A220 /* Assets.xcassets */ = {isa = PBXFileReference; lastKnownFileType = folder.assetcatalog; path = Assets.xcassets; sourceTree = "<group>"; };
		109CC37926734D9100B2A220 /* Preview Assets.xcassets */ = {isa = PBXFileReference; lastKnownFileType = folder.assetcatalog; path = "Preview Assets.xcassets"; sourceTree = "<group>"; };
		109CC37B26734D9100B2A220 /* Info.plist */ = {isa = PBXFileReference; lastKnownFileType = text.plist.xml; path = Info.plist; sourceTree = "<group>"; };
		109CC38026734D9100B2A220 /* InstagramStoryTests.xctest */ = {isa = PBXFileReference; explicitFileType = wrapper.cfbundle; includeInIndex = 0; path = InstagramStoryTests.xctest; sourceTree = BUILT_PRODUCTS_DIR; };
		109CC38426734D9100B2A220 /* InstagramStoryTests.swift */ = {isa = PBXFileReference; lastKnownFileType = sourcecode.swift; path = InstagramStoryTests.swift; sourceTree = "<group>"; };
		109CC38626734D9100B2A220 /* Info.plist */ = {isa = PBXFileReference; lastKnownFileType = text.plist.xml; path = Info.plist; sourceTree = "<group>"; };
		109CC38B26734D9100B2A220 /* InstagramStoryUITests.xctest */ = {isa = PBXFileReference; explicitFileType = wrapper.cfbundle; includeInIndex = 0; path = InstagramStoryUITests.xctest; sourceTree = BUILT_PRODUCTS_DIR; };
		109CC38F26734D9100B2A220 /* InstagramStoryUITests.swift */ = {isa = PBXFileReference; lastKnownFileType = sourcecode.swift; path = InstagramStoryUITests.swift; sourceTree = "<group>"; };
		109CC39126734D9100B2A220 /* Info.plist */ = {isa = PBXFileReference; lastKnownFileType = text.plist.xml; path = Info.plist; sourceTree = "<group>"; };
		B01756FC26765871001332EA /* UserStoryModel.swift */ = {isa = PBXFileReference; fileEncoding = 4; lastKnownFileType = sourcecode.swift; path = UserStoryModel.swift; sourceTree = "<group>"; };
		B01756FE26765B15001332EA /* LoadingBarView.swift */ = {isa = PBXFileReference; lastKnownFileType = sourcecode.swift; path = LoadingBarView.swift; sourceTree = "<group>"; };
/* End PBXFileReference section */

/* Begin PBXFrameworksBuildPhase section */
		109CC36C26734D8E00B2A220 /* Frameworks */ = {
			isa = PBXFrameworksBuildPhase;
			buildActionMask = 2147483647;
			files = (
			);
			runOnlyForDeploymentPostprocessing = 0;
		};
		109CC37D26734D9100B2A220 /* Frameworks */ = {
			isa = PBXFrameworksBuildPhase;
			buildActionMask = 2147483647;
			files = (
			);
			runOnlyForDeploymentPostprocessing = 0;
		};
		109CC38826734D9100B2A220 /* Frameworks */ = {
			isa = PBXFrameworksBuildPhase;
			buildActionMask = 2147483647;
			files = (
			);
			runOnlyForDeploymentPostprocessing = 0;
		};
/* End PBXFrameworksBuildPhase section */

/* Begin PBXGroup section */
		1098808626738E0E006D0F9D /* HelperUI */ = {
			isa = PBXGroup;
			children = (
				1098808426738DDB006D0F9D /* ProfileImageView.swift */,
				1098808926739D31006D0F9D /* LoadingBar.swift */,
				B01756FE26765B15001332EA /* LoadingBarView.swift */,
			);
			path = HelperUI;
			sourceTree = "<group>";
		};
		109CC36626734D8E00B2A220 = {
			isa = PBXGroup;
			children = (
				109CC37126734D8E00B2A220 /* InstagramStory */,
				109CC38326734D9100B2A220 /* InstagramStoryTests */,
				109CC38E26734D9100B2A220 /* InstagramStoryUITests */,
				109CC37026734D8E00B2A220 /* Products */,
			);
			sourceTree = "<group>";
		};
		109CC37026734D8E00B2A220 /* Products */ = {
			isa = PBXGroup;
			children = (
				109CC36F26734D8E00B2A220 /* InstagramStory.app */,
				109CC38026734D9100B2A220 /* InstagramStoryTests.xctest */,
				109CC38B26734D9100B2A220 /* InstagramStoryUITests.xctest */,
			);
			name = Products;
			sourceTree = "<group>";
		};
		109CC37126734D8E00B2A220 /* InstagramStory */ = {
			isa = PBXGroup;
			children = (
				B01756F926765844001332EA /* Model */,
				109CC37226734D8E00B2A220 /* InstagramStoryApp.swift */,
				109CC3A12673576E00B2A220 /* View */,
				109CC3A02673576500B2A220 /* ViewModel */,
				109CC37626734D9100B2A220 /* Assets.xcassets */,
				109CC37B26734D9100B2A220 /* Info.plist */,
				109CC37826734D9100B2A220 /* Preview Content */,
			);
			path = InstagramStory;
			sourceTree = "<group>";
		};
		109CC37826734D9100B2A220 /* Preview Content */ = {
			isa = PBXGroup;
			children = (
				109CC37926734D9100B2A220 /* Preview Assets.xcassets */,
			);
			path = "Preview Content";
			sourceTree = "<group>";
		};
		109CC38326734D9100B2A220 /* InstagramStoryTests */ = {
			isa = PBXGroup;
			children = (
				109CC38426734D9100B2A220 /* InstagramStoryTests.swift */,
				109CC38626734D9100B2A220 /* Info.plist */,
			);
			path = InstagramStoryTests;
			sourceTree = "<group>";
		};
		109CC38E26734D9100B2A220 /* InstagramStoryUITests */ = {
			isa = PBXGroup;
			children = (
				109CC38F26734D9100B2A220 /* InstagramStoryUITests.swift */,
				109CC39126734D9100B2A220 /* Info.plist */,
			);
			path = InstagramStoryUITests;
			sourceTree = "<group>";
		};
		109CC3A02673576500B2A220 /* ViewModel */ = {
			isa = PBXGroup;
			children = (
				1098808726739D0A006D0F9D /* IGStoryViewModel.swift */,
				1075F262267506650053A94E /* IGStoryTimer.swift */,
			);
			path = ViewModel;
			sourceTree = "<group>";
		};
		109CC3A12673576E00B2A220 /* View */ = {
			isa = PBXGroup;
			children = (
				1098808626738E0E006D0F9D /* HelperUI */,
				1098808226738778006D0F9D /* MainView.swift */,
				109CC37426734D8E00B2A220 /* IGStoryView.swift */,
			);
			path = View;
			sourceTree = "<group>";
		};
		B01756F926765844001332EA /* Model */ = {
			isa = PBXGroup;
			children = (
				B01756FC26765871001332EA /* UserStoryModel.swift */,
			);
			path = Model;
			sourceTree = "<group>";
		};
/* End PBXGroup section */

/* Begin PBXNativeTarget section */
		109CC36E26734D8E00B2A220 /* InstagramStory */ = {
			isa = PBXNativeTarget;
			buildConfigurationList = 109CC39426734D9100B2A220 /* Build configuration list for PBXNativeTarget "InstagramStory" */;
			buildPhases = (
				109CC36B26734D8E00B2A220 /* Sources */,
				109CC36C26734D8E00B2A220 /* Frameworks */,
				109CC36D26734D8E00B2A220 /* Resources */,
			);
			buildRules = (
			);
			dependencies = (
			);
			name = InstagramStory;
			packageProductDependencies = (
			);
			productName = InstagramStory;
			productReference = 109CC36F26734D8E00B2A220 /* InstagramStory.app */;
			productType = "com.apple.product-type.application";
		};
		109CC37F26734D9100B2A220 /* InstagramStoryTests */ = {
			isa = PBXNativeTarget;
			buildConfigurationList = 109CC39726734D9100B2A220 /* Build configuration list for PBXNativeTarget "InstagramStoryTests" */;
			buildPhases = (
				109CC37C26734D9100B2A220 /* Sources */,
				109CC37D26734D9100B2A220 /* Frameworks */,
				109CC37E26734D9100B2A220 /* Resources */,
			);
			buildRules = (
			);
			dependencies = (
				109CC38226734D9100B2A220 /* PBXTargetDependency */,
			);
			name = InstagramStoryTests;
			productName = InstagramStoryTests;
			productReference = 109CC38026734D9100B2A220 /* InstagramStoryTests.xctest */;
			productType = "com.apple.product-type.bundle.unit-test";
		};
		109CC38A26734D9100B2A220 /* InstagramStoryUITests */ = {
			isa = PBXNativeTarget;
			buildConfigurationList = 109CC39A26734D9100B2A220 /* Build configuration list for PBXNativeTarget "InstagramStoryUITests" */;
			buildPhases = (
				109CC38726734D9100B2A220 /* Sources */,
				109CC38826734D9100B2A220 /* Frameworks */,
				109CC38926734D9100B2A220 /* Resources */,
			);
			buildRules = (
			);
			dependencies = (
				109CC38D26734D9100B2A220 /* PBXTargetDependency */,
			);
			name = InstagramStoryUITests;
			productName = InstagramStoryUITests;
			productReference = 109CC38B26734D9100B2A220 /* InstagramStoryUITests.xctest */;
			productType = "com.apple.product-type.bundle.ui-testing";
		};
/* End PBXNativeTarget section */

/* Begin PBXProject section */
		109CC36726734D8E00B2A220 /* Project object */ = {
			isa = PBXProject;
			attributes = {
				LastSwiftUpdateCheck = 1250;
				LastUpgradeCheck = 1250;
				TargetAttributes = {
					109CC36E26734D8E00B2A220 = {
						CreatedOnToolsVersion = 12.5;
					};
					109CC37F26734D9100B2A220 = {
						CreatedOnToolsVersion = 12.5;
						TestTargetID = 109CC36E26734D8E00B2A220;
					};
					109CC38A26734D9100B2A220 = {
						CreatedOnToolsVersion = 12.5;
						TestTargetID = 109CC36E26734D8E00B2A220;
					};
				};
			};
			buildConfigurationList = 109CC36A26734D8E00B2A220 /* Build configuration list for PBXProject "InstagramStory" */;
			compatibilityVersion = "Xcode 9.3";
			developmentRegion = en;
			hasScannedForEncodings = 0;
			knownRegions = (
				en,
				Base,
			);
			mainGroup = 109CC36626734D8E00B2A220;
			packageReferences = (
			);
			productRefGroup = 109CC37026734D8E00B2A220 /* Products */;
			projectDirPath = "";
			projectRoot = "";
			targets = (
				109CC36E26734D8E00B2A220 /* InstagramStory */,
				109CC37F26734D9100B2A220 /* InstagramStoryTests */,
				109CC38A26734D9100B2A220 /* InstagramStoryUITests */,
			);
		};
/* End PBXProject section */

/* Begin PBXResourcesBuildPhase section */
		109CC36D26734D8E00B2A220 /* Resources */ = {
			isa = PBXResourcesBuildPhase;
			buildActionMask = 2147483647;
			files = (
				109CC37A26734D9100B2A220 /* Preview Assets.xcassets in Resources */,
				109CC37726734D9100B2A220 /* Assets.xcassets in Resources */,
			);
			runOnlyForDeploymentPostprocessing = 0;
		};
		109CC37E26734D9100B2A220 /* Resources */ = {
			isa = PBXResourcesBuildPhase;
			buildActionMask = 2147483647;
			files = (
			);
			runOnlyForDeploymentPostprocessing = 0;
		};
		109CC38926734D9100B2A220 /* Resources */ = {
			isa = PBXResourcesBuildPhase;
			buildActionMask = 2147483647;
			files = (
			);
			runOnlyForDeploymentPostprocessing = 0;
		};
/* End PBXResourcesBuildPhase section */

/* Begin PBXSourcesBuildPhase section */
		109CC36B26734D8E00B2A220 /* Sources */ = {
			isa = PBXSourcesBuildPhase;
			buildActionMask = 2147483647;
			files = (
				B01756FF26765B15001332EA /* LoadingBarView.swift in Sources */,
				B01756FD26765871001332EA /* UserStoryModel.swift in Sources */,
				1098808A26739D31006D0F9D /* LoadingBar.swift in Sources */,
				1098808826739D0A006D0F9D /* IGStoryViewModel.swift in Sources */,
				109CC37526734D8E00B2A220 /* IGStoryView.swift in Sources */,
				1098808326738778006D0F9D /* MainView.swift in Sources */,
				1098808526738DDB006D0F9D /* ProfileImageView.swift in Sources */,
				109CC37326734D8E00B2A220 /* InstagramStoryApp.swift in Sources */,
				1075F263267506650053A94E /* IGStoryTimer.swift in Sources */,
			);
			runOnlyForDeploymentPostprocessing = 0;
		};
		109CC37C26734D9100B2A220 /* Sources */ = {
			isa = PBXSourcesBuildPhase;
			buildActionMask = 2147483647;
			files = (
				109CC38526734D9100B2A220 /* InstagramStoryTests.swift in Sources */,
			);
			runOnlyForDeploymentPostprocessing = 0;
		};
		109CC38726734D9100B2A220 /* Sources */ = {
			isa = PBXSourcesBuildPhase;
			buildActionMask = 2147483647;
			files = (
				109CC39026734D9100B2A220 /* InstagramStoryUITests.swift in Sources */,
			);
			runOnlyForDeploymentPostprocessing = 0;
		};
/* End PBXSourcesBuildPhase section */

/* Begin PBXTargetDependency section */
		109CC38226734D9100B2A220 /* PBXTargetDependency */ = {
			isa = PBXTargetDependency;
			target = 109CC36E26734D8E00B2A220 /* InstagramStory */;
			targetProxy = 109CC38126734D9100B2A220 /* PBXContainerItemProxy */;
		};
		109CC38D26734D9100B2A220 /* PBXTargetDependency */ = {
			isa = PBXTargetDependency;
			target = 109CC36E26734D8E00B2A220 /* InstagramStory */;
			targetProxy = 109CC38C26734D9100B2A220 /* PBXContainerItemProxy */;
		};
/* End PBXTargetDependency section */

/* Begin XCBuildConfiguration section */
		109CC39226734D9100B2A220 /* Debug */ = {
			isa = XCBuildConfiguration;
			buildSettings = {
				ALWAYS_SEARCH_USER_PATHS = NO;
				CLANG_ANALYZER_NONNULL = YES;
				CLANG_ANALYZER_NUMBER_OBJECT_CONVERSION = YES_AGGRESSIVE;
				CLANG_CXX_LANGUAGE_STANDARD = "gnu++14";
				CLANG_CXX_LIBRARY = "libc++";
				CLANG_ENABLE_MODULES = YES;
				CLANG_ENABLE_OBJC_ARC = YES;
				CLANG_ENABLE_OBJC_WEAK = YES;
				CLANG_WARN_BLOCK_CAPTURE_AUTORELEASING = YES;
				CLANG_WARN_BOOL_CONVERSION = YES;
				CLANG_WARN_COMMA = YES;
				CLANG_WARN_CONSTANT_CONVERSION = YES;
				CLANG_WARN_DEPRECATED_OBJC_IMPLEMENTATIONS = YES;
				CLANG_WARN_DIRECT_OBJC_ISA_USAGE = YES_ERROR;
				CLANG_WARN_DOCUMENTATION_COMMENTS = YES;
				CLANG_WARN_EMPTY_BODY = YES;
				CLANG_WARN_ENUM_CONVERSION = YES;
				CLANG_WARN_INFINITE_RECURSION = YES;
				CLANG_WARN_INT_CONVERSION = YES;
				CLANG_WARN_NON_LITERAL_NULL_CONVERSION = YES;
				CLANG_WARN_OBJC_IMPLICIT_RETAIN_SELF = YES;
				CLANG_WARN_OBJC_LITERAL_CONVERSION = YES;
				CLANG_WARN_OBJC_ROOT_CLASS = YES_ERROR;
				CLANG_WARN_QUOTED_INCLUDE_IN_FRAMEWORK_HEADER = YES;
				CLANG_WARN_RANGE_LOOP_ANALYSIS = YES;
				CLANG_WARN_STRICT_PROTOTYPES = YES;
				CLANG_WARN_SUSPICIOUS_MOVE = YES;
				CLANG_WARN_UNGUARDED_AVAILABILITY = YES_AGGRESSIVE;
				CLANG_WARN_UNREACHABLE_CODE = YES;
				CLANG_WARN__DUPLICATE_METHOD_MATCH = YES;
				COPY_PHASE_STRIP = NO;
				DEBUG_INFORMATION_FORMAT = dwarf;
				ENABLE_STRICT_OBJC_MSGSEND = YES;
				ENABLE_TESTABILITY = YES;
				GCC_C_LANGUAGE_STANDARD = gnu11;
				GCC_DYNAMIC_NO_PIC = NO;
				GCC_NO_COMMON_BLOCKS = YES;
				GCC_OPTIMIZATION_LEVEL = 0;
				GCC_PREPROCESSOR_DEFINITIONS = (
					"DEBUG=1",
					"$(inherited)",
				);
				GCC_WARN_64_TO_32_BIT_CONVERSION = YES;
				GCC_WARN_ABOUT_RETURN_TYPE = YES_ERROR;
				GCC_WARN_UNDECLARED_SELECTOR = YES;
				GCC_WARN_UNINITIALIZED_AUTOS = YES_AGGRESSIVE;
				GCC_WARN_UNUSED_FUNCTION = YES;
				GCC_WARN_UNUSED_VARIABLE = YES;
				IPHONEOS_DEPLOYMENT_TARGET = 14.5;
				MTL_ENABLE_DEBUG_INFO = INCLUDE_SOURCE;
				MTL_FAST_MATH = YES;
				ONLY_ACTIVE_ARCH = YES;
				SDKROOT = iphoneos;
				SWIFT_ACTIVE_COMPILATION_CONDITIONS = DEBUG;
				SWIFT_OPTIMIZATION_LEVEL = "-Onone";
			};
			name = Debug;
		};
		109CC39326734D9100B2A220 /* Release */ = {
			isa = XCBuildConfiguration;
			buildSettings = {
				ALWAYS_SEARCH_USER_PATHS = NO;
				CLANG_ANALYZER_NONNULL = YES;
				CLANG_ANALYZER_NUMBER_OBJECT_CONVERSION = YES_AGGRESSIVE;
				CLANG_CXX_LANGUAGE_STANDARD = "gnu++14";
				CLANG_CXX_LIBRARY = "libc++";
				CLANG_ENABLE_MODULES = YES;
				CLANG_ENABLE_OBJC_ARC = YES;
				CLANG_ENABLE_OBJC_WEAK = YES;
				CLANG_WARN_BLOCK_CAPTURE_AUTORELEASING = YES;
				CLANG_WARN_BOOL_CONVERSION = YES;
				CLANG_WARN_COMMA = YES;
				CLANG_WARN_CONSTANT_CONVERSION = YES;
				CLANG_WARN_DEPRECATED_OBJC_IMPLEMENTATIONS = YES;
				CLANG_WARN_DIRECT_OBJC_ISA_USAGE = YES_ERROR;
				CLANG_WARN_DOCUMENTATION_COMMENTS = YES;
				CLANG_WARN_EMPTY_BODY = YES;
				CLANG_WARN_ENUM_CONVERSION = YES;
				CLANG_WARN_INFINITE_RECURSION = YES;
				CLANG_WARN_INT_CONVERSION = YES;
				CLANG_WARN_NON_LITERAL_NULL_CONVERSION = YES;
				CLANG_WARN_OBJC_IMPLICIT_RETAIN_SELF = YES;
				CLANG_WARN_OBJC_LITERAL_CONVERSION = YES;
				CLANG_WARN_OBJC_ROOT_CLASS = YES_ERROR;
				CLANG_WARN_QUOTED_INCLUDE_IN_FRAMEWORK_HEADER = YES;
				CLANG_WARN_RANGE_LOOP_ANALYSIS = YES;
				CLANG_WARN_STRICT_PROTOTYPES = YES;
				CLANG_WARN_SUSPICIOUS_MOVE = YES;
				CLANG_WARN_UNGUARDED_AVAILABILITY = YES_AGGRESSIVE;
				CLANG_WARN_UNREACHABLE_CODE = YES;
				CLANG_WARN__DUPLICATE_METHOD_MATCH = YES;
				COPY_PHASE_STRIP = NO;
				DEBUG_INFORMATION_FORMAT = "dwarf-with-dsym";
				ENABLE_NS_ASSERTIONS = NO;
				ENABLE_STRICT_OBJC_MSGSEND = YES;
				GCC_C_LANGUAGE_STANDARD = gnu11;
				GCC_NO_COMMON_BLOCKS = YES;
				GCC_WARN_64_TO_32_BIT_CONVERSION = YES;
				GCC_WARN_ABOUT_RETURN_TYPE = YES_ERROR;
				GCC_WARN_UNDECLARED_SELECTOR = YES;
				GCC_WARN_UNINITIALIZED_AUTOS = YES_AGGRESSIVE;
				GCC_WARN_UNUSED_FUNCTION = YES;
				GCC_WARN_UNUSED_VARIABLE = YES;
				IPHONEOS_DEPLOYMENT_TARGET = 14.5;
				MTL_ENABLE_DEBUG_INFO = NO;
				MTL_FAST_MATH = YES;
				SDKROOT = iphoneos;
				SWIFT_COMPILATION_MODE = wholemodule;
				SWIFT_OPTIMIZATION_LEVEL = "-O";
				VALIDATE_PRODUCT = YES;
			};
			name = Release;
		};
		109CC39526734D9100B2A220 /* Debug */ = {
			isa = XCBuildConfiguration;
			buildSettings = {
				ASSETCATALOG_COMPILER_APPICON_NAME = AppIcon;
				ASSETCATALOG_COMPILER_GLOBAL_ACCENT_COLOR_NAME = AccentColor;
				CODE_SIGN_STYLE = Automatic;
				DEVELOPMENT_ASSET_PATHS = "\"InstagramStory/Preview Content\"";
				DEVELOPMENT_TEAM = C4BB468227;
				ENABLE_PREVIEWS = YES;
				INFOPLIST_FILE = InstagramStory/Info.plist;
				IPHONEOS_DEPLOYMENT_TARGET = 14.0;
				LD_RUNPATH_SEARCH_PATHS = (
					"$(inherited)",
					"@executable_path/Frameworks",
				);
				PRODUCT_BUNDLE_IDENTIFIER = com.erencelik.InstagramStory;
				PRODUCT_NAME = "$(TARGET_NAME)";
				SWIFT_VERSION = 5.0;
				TARGETED_DEVICE_FAMILY = "1,2";
			};
			name = Debug;
		};
		109CC39626734D9100B2A220 /* Release */ = {
			isa = XCBuildConfiguration;
			buildSettings = {
				ASSETCATALOG_COMPILER_APPICON_NAME = AppIcon;
				ASSETCATALOG_COMPILER_GLOBAL_ACCENT_COLOR_NAME = AccentColor;
				CODE_SIGN_STYLE = Automatic;
				DEVELOPMENT_ASSET_PATHS = "\"InstagramStory/Preview Content\"";
				DEVELOPMENT_TEAM = C4BB468227;
				ENABLE_PREVIEWS = YES;
				INFOPLIST_FILE = InstagramStory/Info.plist;
				IPHONEOS_DEPLOYMENT_TARGET = 14.0;
				LD_RUNPATH_SEARCH_PATHS = (
					"$(inherited)",
					"@executable_path/Frameworks",
				);
				PRODUCT_BUNDLE_IDENTIFIER = com.erencelik.InstagramStory;
				PRODUCT_NAME = "$(TARGET_NAME)";
				SWIFT_VERSION = 5.0;
				TARGETED_DEVICE_FAMILY = "1,2";
			};
			name = Release;
		};
		109CC39826734D9100B2A220 /* Debug */ = {
			isa = XCBuildConfiguration;
			buildSettings = {
				ALWAYS_EMBED_SWIFT_STANDARD_LIBRARIES = YES;
				BUNDLE_LOADER = "$(TEST_HOST)";
				CODE_SIGN_STYLE = Automatic;
				DEVELOPMENT_TEAM = C4BB468227;
				INFOPLIST_FILE = InstagramStoryTests/Info.plist;
				IPHONEOS_DEPLOYMENT_TARGET = 14.0;
				LD_RUNPATH_SEARCH_PATHS = (
					"$(inherited)",
					"@executable_path/Frameworks",
					"@loader_path/Frameworks",
				);
				PRODUCT_BUNDLE_IDENTIFIER = com.erencelik.InstagramStoryTests;
				PRODUCT_NAME = "$(TARGET_NAME)";
				SWIFT_VERSION = 5.0;
				TARGETED_DEVICE_FAMILY = "1,2";
				TEST_HOST = "$(BUILT_PRODUCTS_DIR)/InstagramStory.app/InstagramStory";
			};
			name = Debug;
		};
		109CC39926734D9100B2A220 /* Release */ = {
			isa = XCBuildConfiguration;
			buildSettings = {
				ALWAYS_EMBED_SWIFT_STANDARD_LIBRARIES = YES;
				BUNDLE_LOADER = "$(TEST_HOST)";
				CODE_SIGN_STYLE = Automatic;
				DEVELOPMENT_TEAM = C4BB468227;
				INFOPLIST_FILE = InstagramStoryTests/Info.plist;
				IPHONEOS_DEPLOYMENT_TARGET = 14.0;
				LD_RUNPATH_SEARCH_PATHS = (
					"$(inherited)",
					"@executable_path/Frameworks",
					"@loader_path/Frameworks",
				);
				PRODUCT_BUNDLE_IDENTIFIER = com.erencelik.InstagramStoryTests;
				PRODUCT_NAME = "$(TARGET_NAME)";
				SWIFT_VERSION = 5.0;
				TARGETED_DEVICE_FAMILY = "1,2";
				TEST_HOST = "$(BUILT_PRODUCTS_DIR)/InstagramStory.app/InstagramStory";
			};
			name = Release;
		};
		109CC39B26734D9100B2A220 /* Debug */ = {
			isa = XCBuildConfiguration;
			buildSettings = {
				ALWAYS_EMBED_SWIFT_STANDARD_LIBRARIES = YES;
				CODE_SIGN_STYLE = Automatic;
				DEVELOPMENT_TEAM = C4BB468227;
				INFOPLIST_FILE = InstagramStoryUITests/Info.plist;
				LD_RUNPATH_SEARCH_PATHS = (
					"$(inherited)",
					"@executable_path/Frameworks",
					"@loader_path/Frameworks",
				);
				PRODUCT_BUNDLE_IDENTIFIER = com.erencelik.InstagramStoryUITests;
				PRODUCT_NAME = "$(TARGET_NAME)";
				SWIFT_VERSION = 5.0;
				TARGETED_DEVICE_FAMILY = "1,2";
				TEST_TARGET_NAME = InstagramStory;
			};
			name = Debug;
		};
		109CC39C26734D9100B2A220 /* Release */ = {
			isa = XCBuildConfiguration;
			buildSettings = {
				ALWAYS_EMBED_SWIFT_STANDARD_LIBRARIES = YES;
				CODE_SIGN_STYLE = Automatic;
				DEVELOPMENT_TEAM = C4BB468227;
				INFOPLIST_FILE = InstagramStoryUITests/Info.plist;
				LD_RUNPATH_SEARCH_PATHS = (
					"$(inherited)",
					"@executable_path/Frameworks",
					"@loader_path/Frameworks",
				);
				PRODUCT_BUNDLE_IDENTIFIER = com.erencelik.InstagramStoryUITests;
				PRODUCT_NAME = "$(TARGET_NAME)";
				SWIFT_VERSION = 5.0;
				TARGETED_DEVICE_FAMILY = "1,2";
				TEST_TARGET_NAME = InstagramStory;
			};
			name = Release;
		};
/* End XCBuildConfiguration section */

/* Begin XCConfigurationList section */
		109CC36A26734D8E00B2A220 /* Build configuration list for PBXProject "InstagramStory" */ = {
			isa = XCConfigurationList;
			buildConfigurations = (
				109CC39226734D9100B2A220 /* Debug */,
				109CC39326734D9100B2A220 /* Release */,
			);
			defaultConfigurationIsVisible = 0;
			defaultConfigurationName = Release;
		};
		109CC39426734D9100B2A220 /* Build configuration list for PBXNativeTarget "InstagramStory" */ = {
			isa = XCConfigurationList;
			buildConfigurations = (
				109CC39526734D9100B2A220 /* Debug */,
				109CC39626734D9100B2A220 /* Release */,
			);
			defaultConfigurationIsVisible = 0;
			defaultConfigurationName = Release;
		};
		109CC39726734D9100B2A220 /* Build configuration list for PBXNativeTarget "InstagramStoryTests" */ = {
			isa = XCConfigurationList;
			buildConfigurations = (
				109CC39826734D9100B2A220 /* Debug */,
				109CC39926734D9100B2A220 /* Release */,
			);
			defaultConfigurationIsVisible = 0;
			defaultConfigurationName = Release;
		};
		109CC39A26734D9100B2A220 /* Build configuration list for PBXNativeTarget "InstagramStoryUITests" */ = {
			isa = XCConfigurationList;
			buildConfigurations = (
				109CC39B26734D9100B2A220 /* Debug */,
				109CC39C26734D9100B2A220 /* Release */,
			);
			defaultConfigurationIsVisible = 0;
			defaultConfigurationName = Release;
		};
/* End XCConfigurationList section */
	};
	rootObject = 109CC36726734D8E00B2A220 /* Project object */;
}
